
Microsoft Visual Studio Solution File, Format Version 12.00
# Visual Studio Version 16
VisualStudioVersion = 16.0.29201.188
MinimumVisualStudioVersion = 10.0.40219.1
Project("{FAE04EC0-301F-11D3-BF4B-00C04F79EFBC}") = "Uni_Management_System", "Uni_Management_System\Uni_Management_System.csproj", "{6F480C41-EC42-409C-AC99-BB16A81E971C}"
EndProject
Global
	GlobalSection(SolutionConfigurationPlatforms) = preSolution
		Debug|Any CPU = Debug|Any CPU
		Release|Any CPU = Release|Any CPU
	EndGlobalSection
	GlobalSection(ProjectConfigurationPlatforms) = postSolution
		{6F480C41-EC42-409C-AC99-BB16A81E971C}.Debug|Any CPU.ActiveCfg = Debug|Any CPU
		{6F480C41-EC42-409C-AC99-BB16A81E971C}.Debug|Any CPU.Build.0 = Debug|Any CPU
		{6F480C41-EC42-409C-AC99-BB16A81E971C}.Release|Any CPU.ActiveCfg = Release|Any CPU
		{6F480C41-EC42-409C-AC99-BB16A81E971C}.Release|Any CPU.Build.0 = Release|Any CPU
	EndGlobalSection
	GlobalSection(SolutionProperties) = preSolution
		HideSolutionNode = FALSE
	EndGlobalSection
	GlobalSection(ExtensibilityGlobals) = postSolution
		SolutionGuid = {A4B1754A-A875-44AE-AA8A-993BE8CC79D8}
	EndGlobalSection
EndGlobal
